// !$*UTF8*$!
{
	archiveVersion = 1;
	classes = {
	};
	objectVersion = 55;
	objects = {

/* Begin PBXBuildFile section */
		BE2F48A027AED22700425509 /* UIApplication.swift in Sources */ = {isa = PBXBuildFile; fileRef = BE2F489F27AED22700425509 /* UIApplication.swift */; };
		BED1DC9627AE208E006BCE84 /* CryptoApp.swift in Sources */ = {isa = PBXBuildFile; fileRef = BED1DC9527AE208E006BCE84 /* CryptoApp.swift */; };
		BED1DC9827AE208E006BCE84 /* ContentView.swift in Sources */ = {isa = PBXBuildFile; fileRef = BED1DC9727AE208E006BCE84 /* ContentView.swift */; };
		BED1DC9A27AE208F006BCE84 /* Assets.xcassets in Resources */ = {isa = PBXBuildFile; fileRef = BED1DC9927AE208F006BCE84 /* Assets.xcassets */; };
		BED1DC9D27AE208F006BCE84 /* Preview Assets.xcassets in Resources */ = {isa = PBXBuildFile; fileRef = BED1DC9C27AE208F006BCE84 /* Preview Assets.xcassets */; };
		BED1DCA727AE23EA006BCE84 /* Color.swift in Sources */ = {isa = PBXBuildFile; fileRef = BED1DCA627AE23EA006BCE84 /* Color.swift */; };
		BED1DCAD27AE25C3006BCE84 /* HomeView.swift in Sources */ = {isa = PBXBuildFile; fileRef = BED1DCAC27AE25C3006BCE84 /* HomeView.swift */; };
		BED1DCB127AE26C6006BCE84 /* CircleButton.swift in Sources */ = {isa = PBXBuildFile; fileRef = BED1DCB027AE26C6006BCE84 /* CircleButton.swift */; };
		BED1DCB327AE2A9F006BCE84 /* CircleButtonAnimationView.swift in Sources */ = {isa = PBXBuildFile; fileRef = BED1DCB227AE2A9F006BCE84 /* CircleButtonAnimationView.swift */; };
		BED1DCB627AE2DB4006BCE84 /* CoinModel.swift in Sources */ = {isa = PBXBuildFile; fileRef = BED1DCB527AE2DB4006BCE84 /* CoinModel.swift */; };
		BED1DCB827AE5074006BCE84 /* CoinRowView.swift in Sources */ = {isa = PBXBuildFile; fileRef = BED1DCB727AE5074006BCE84 /* CoinRowView.swift */; };
		BED1DCBA27AE50B8006BCE84 /* PreviewProvider.swift in Sources */ = {isa = PBXBuildFile; fileRef = BED1DCB927AE50B8006BCE84 /* PreviewProvider.swift */; };
		BED1DCBC27AE56C9006BCE84 /* Double.swift in Sources */ = {isa = PBXBuildFile; fileRef = BED1DCBB27AE56C9006BCE84 /* Double.swift */; };
		BED1DCBE27AE6199006BCE84 /* HomeViewModel.swift in Sources */ = {isa = PBXBuildFile; fileRef = BED1DCBD27AE6199006BCE84 /* HomeViewModel.swift */; };
		BED1DCC127AE68CE006BCE84 /* CoinDataService.swift in Sources */ = {isa = PBXBuildFile; fileRef = BED1DCC027AE68CE006BCE84 /* CoinDataService.swift */; };
		BED1DCC427AE7A21006BCE84 /* NetworkingManager.swift in Sources */ = {isa = PBXBuildFile; fileRef = BED1DCC327AE7A21006BCE84 /* NetworkingManager.swift */; };
		BED1DCC727AEABBA006BCE84 /* CoinImageView.swift in Sources */ = {isa = PBXBuildFile; fileRef = BED1DCC627AEABBA006BCE84 /* CoinImageView.swift */; };
		BED1DCC927AEAD97006BCE84 /* CoinImageService.swift in Sources */ = {isa = PBXBuildFile; fileRef = BED1DCC827AEAD97006BCE84 /* CoinImageService.swift */; };
		BED1DCCB27AEAF6E006BCE84 /* CoinImageViewModel.swift in Sources */ = {isa = PBXBuildFile; fileRef = BED1DCCA27AEAF6E006BCE84 /* CoinImageViewModel.swift */; };
		BED1DCCD27AEB705006BCE84 /* LocalFileManager.swift in Sources */ = {isa = PBXBuildFile; fileRef = BED1DCCC27AEB705006BCE84 /* LocalFileManager.swift */; };
		BED1DCCF27AECAD7006BCE84 /* SearchBarView.swift in Sources */ = {isa = PBXBuildFile; fileRef = BED1DCCE27AECAD7006BCE84 /* SearchBarView.swift */; };
/* End PBXBuildFile section */

/* Begin PBXFileReference section */
		BE2F489F27AED22700425509 /* UIApplication.swift */ = {isa = PBXFileReference; lastKnownFileType = sourcecode.swift; path = UIApplication.swift; sourceTree = "<group>"; };
		BED1DC9227AE208E006BCE84 /* Crypto Tracker.app */ = {isa = PBXFileReference; explicitFileType = wrapper.application; includeInIndex = 0; path = "Crypto Tracker.app"; sourceTree = BUILT_PRODUCTS_DIR; };
		BED1DC9527AE208E006BCE84 /* CryptoApp.swift */ = {isa = PBXFileReference; lastKnownFileType = sourcecode.swift; path = CryptoApp.swift; sourceTree = "<group>"; };
		BED1DC9727AE208E006BCE84 /* ContentView.swift */ = {isa = PBXFileReference; lastKnownFileType = sourcecode.swift; path = ContentView.swift; sourceTree = "<group>"; };
		BED1DC9927AE208F006BCE84 /* Assets.xcassets */ = {isa = PBXFileReference; lastKnownFileType = folder.assetcatalog; path = Assets.xcassets; sourceTree = "<group>"; };
		BED1DC9C27AE208F006BCE84 /* Preview Assets.xcassets */ = {isa = PBXFileReference; lastKnownFileType = folder.assetcatalog; path = "Preview Assets.xcassets"; sourceTree = "<group>"; };
		BED1DCA627AE23EA006BCE84 /* Color.swift */ = {isa = PBXFileReference; lastKnownFileType = sourcecode.swift; path = Color.swift; sourceTree = "<group>"; };
		BED1DCAC27AE25C3006BCE84 /* HomeView.swift */ = {isa = PBXFileReference; lastKnownFileType = sourcecode.swift; path = HomeView.swift; sourceTree = "<group>"; };
		BED1DCB027AE26C6006BCE84 /* CircleButton.swift */ = {isa = PBXFileReference; lastKnownFileType = sourcecode.swift; path = CircleButton.swift; sourceTree = "<group>"; };
		BED1DCB227AE2A9F006BCE84 /* CircleButtonAnimationView.swift */ = {isa = PBXFileReference; lastKnownFileType = sourcecode.swift; path = CircleButtonAnimationView.swift; sourceTree = "<group>"; };
		BED1DCB527AE2DB4006BCE84 /* CoinModel.swift */ = {isa = PBXFileReference; lastKnownFileType = sourcecode.swift; path = CoinModel.swift; sourceTree = "<group>"; };
		BED1DCB727AE5074006BCE84 /* CoinRowView.swift */ = {isa = PBXFileReference; lastKnownFileType = sourcecode.swift; path = CoinRowView.swift; sourceTree = "<group>"; };
		BED1DCB927AE50B8006BCE84 /* PreviewProvider.swift */ = {isa = PBXFileReference; lastKnownFileType = sourcecode.swift; path = PreviewProvider.swift; sourceTree = "<group>"; };
		BED1DCBB27AE56C9006BCE84 /* Double.swift */ = {isa = PBXFileReference; lastKnownFileType = sourcecode.swift; path = Double.swift; sourceTree = "<group>"; };
		BED1DCBD27AE6199006BCE84 /* HomeViewModel.swift */ = {isa = PBXFileReference; lastKnownFileType = sourcecode.swift; path = HomeViewModel.swift; sourceTree = "<group>"; };
		BED1DCC027AE68CE006BCE84 /* CoinDataService.swift */ = {isa = PBXFileReference; lastKnownFileType = sourcecode.swift; path = CoinDataService.swift; sourceTree = "<group>"; };
		BED1DCC327AE7A21006BCE84 /* NetworkingManager.swift */ = {isa = PBXFileReference; lastKnownFileType = sourcecode.swift; path = NetworkingManager.swift; sourceTree = "<group>"; };
		BED1DCC627AEABBA006BCE84 /* CoinImageView.swift */ = {isa = PBXFileReference; lastKnownFileType = sourcecode.swift; path = CoinImageView.swift; sourceTree = "<group>"; };
		BED1DCC827AEAD97006BCE84 /* CoinImageService.swift */ = {isa = PBXFileReference; lastKnownFileType = sourcecode.swift; path = CoinImageService.swift; sourceTree = "<group>"; };
		BED1DCCA27AEAF6E006BCE84 /* CoinImageViewModel.swift */ = {isa = PBXFileReference; lastKnownFileType = sourcecode.swift; path = CoinImageViewModel.swift; sourceTree = "<group>"; };
		BED1DCCC27AEB705006BCE84 /* LocalFileManager.swift */ = {isa = PBXFileReference; lastKnownFileType = sourcecode.swift; path = LocalFileManager.swift; sourceTree = "<group>"; };
		BED1DCCE27AECAD7006BCE84 /* SearchBarView.swift */ = {isa = PBXFileReference; lastKnownFileType = sourcecode.swift; path = SearchBarView.swift; sourceTree = "<group>"; };
/* End PBXFileReference section */

/* Begin PBXFrameworksBuildPhase section */
		BED1DC8F27AE208E006BCE84 /* Frameworks */ = {
			isa = PBXFrameworksBuildPhase;
			buildActionMask = 2147483647;
			files = (
			);
			runOnlyForDeploymentPostprocessing = 0;
		};
/* End PBXFrameworksBuildPhase section */

/* Begin PBXGroup section */
		BED1DC8927AE208E006BCE84 = {
			isa = PBXGroup;
			children = (
				BED1DC9427AE208E006BCE84 /* Crypto */,
				BED1DC9327AE208E006BCE84 /* Products */,
			);
			sourceTree = "<group>";
		};
		BED1DC9327AE208E006BCE84 /* Products */ = {
			isa = PBXGroup;
			children = (
				BED1DC9227AE208E006BCE84 /* Crypto Tracker.app */,
			);
			name = Products;
			sourceTree = "<group>";
		};
		BED1DC9427AE208E006BCE84 /* Crypto */ = {
			isa = PBXGroup;
			children = (
				BED1DCC227AE7A0B006BCE84 /* Utilities */,
				BED1DCBF27AE68A6006BCE84 /* Services */,
				BED1DCB427AE2D9B006BCE84 /* Models */,
				BED1DCA827AE257E006BCE84 /* Core */,
				BED1DCA527AE23D2006BCE84 /* Extensions */,
				BED1DC9527AE208E006BCE84 /* CryptoApp.swift */,
				BED1DC9727AE208E006BCE84 /* ContentView.swift */,
				BED1DC9927AE208F006BCE84 /* Assets.xcassets */,
				BED1DC9B27AE208F006BCE84 /* Preview Content */,
			);
			path = Crypto;
			sourceTree = "<group>";
		};
		BED1DC9B27AE208F006BCE84 /* Preview Content */ = {
			isa = PBXGroup;
			children = (
				BED1DC9C27AE208F006BCE84 /* Preview Assets.xcassets */,
			);
			path = "Preview Content";
			sourceTree = "<group>";
		};
		BED1DCA527AE23D2006BCE84 /* Extensions */ = {
			isa = PBXGroup;
			children = (
				BED1DCA627AE23EA006BCE84 /* Color.swift */,
				BED1DCB927AE50B8006BCE84 /* PreviewProvider.swift */,
				BED1DCBB27AE56C9006BCE84 /* Double.swift */,
				BE2F489F27AED22700425509 /* UIApplication.swift */,
			);
			path = Extensions;
			sourceTree = "<group>";
		};
		BED1DCA827AE257E006BCE84 /* Core */ = {
			isa = PBXGroup;
			children = (
				BED1DCAE27AE269C006BCE84 /* Componenets */,
				BED1DCA927AE2593006BCE84 /* Home */,
			);
			path = Core;
			sourceTree = "<group>";
		};
		BED1DCA927AE2593006BCE84 /* Home */ = {
			isa = PBXGroup;
			children = (
				BED1DCAB27AE25A4006BCE84 /* ViewModel */,
				BED1DCAA27AE259B006BCE84 /* View */,
			);
			path = Home;
			sourceTree = "<group>";
		};
		BED1DCAA27AE259B006BCE84 /* View */ = {
			isa = PBXGroup;
			children = (
				BED1DCAC27AE25C3006BCE84 /* HomeView.swift */,
				BED1DCB727AE5074006BCE84 /* CoinRowView.swift */,
			);
			path = View;
			sourceTree = "<group>";
		};
		BED1DCAB27AE25A4006BCE84 /* ViewModel */ = {
			isa = PBXGroup;
			children = (
				BED1DCBD27AE6199006BCE84 /* HomeViewModel.swift */,
			);
			path = ViewModel;
			sourceTree = "<group>";
		};
		BED1DCAE27AE269C006BCE84 /* Componenets */ = {
			isa = PBXGroup;
			children = (
				BED1DCC527AEAB9A006BCE84 /* CoinImage */,
				BED1DCAF27AE26A9006BCE84 /* CircleButton */,
				BED1DCCE27AECAD7006BCE84 /* SearchBarView.swift */,
			);
			path = Componenets;
			sourceTree = "<group>";
		};
		BED1DCAF27AE26A9006BCE84 /* CircleButton */ = {
			isa = PBXGroup;
			children = (
				BED1DCB027AE26C6006BCE84 /* CircleButton.swift */,
				BED1DCB227AE2A9F006BCE84 /* CircleButtonAnimationView.swift */,
			);
			path = CircleButton;
			sourceTree = "<group>";
		};
		BED1DCB427AE2D9B006BCE84 /* Models */ = {
			isa = PBXGroup;
			children = (
				BED1DCB527AE2DB4006BCE84 /* CoinModel.swift */,
			);
			path = Models;
			sourceTree = "<group>";
		};
		BED1DCBF27AE68A6006BCE84 /* Services */ = {
			isa = PBXGroup;
			children = (
				BED1DCC027AE68CE006BCE84 /* CoinDataService.swift */,
				BED1DCC827AEAD97006BCE84 /* CoinImageService.swift */,
			);
			path = Services;
			sourceTree = "<group>";
		};
		BED1DCC227AE7A0B006BCE84 /* Utilities */ = {
			isa = PBXGroup;
			children = (
				BED1DCC327AE7A21006BCE84 /* NetworkingManager.swift */,
				BED1DCCC27AEB705006BCE84 /* LocalFileManager.swift */,
			);
			path = Utilities;
			sourceTree = "<group>";
		};
		BED1DCC527AEAB9A006BCE84 /* CoinImage */ = {
			isa = PBXGroup;
			children = (
				BED1DCC627AEABBA006BCE84 /* CoinImageView.swift */,
				BED1DCCA27AEAF6E006BCE84 /* CoinImageViewModel.swift */,
			);
			path = CoinImage;
			sourceTree = "<group>";
		};
/* End PBXGroup section */

/* Begin PBXNativeTarget section */
		BED1DC9127AE208E006BCE84 /* Crypto */ = {
			isa = PBXNativeTarget;
			buildConfigurationList = BED1DCA027AE208F006BCE84 /* Build configuration list for PBXNativeTarget "Crypto" */;
			buildPhases = (
				BED1DC8E27AE208E006BCE84 /* Sources */,
				BED1DC8F27AE208E006BCE84 /* Frameworks */,
				BED1DC9027AE208E006BCE84 /* Resources */,
			);
			buildRules = (
			);
			dependencies = (
			);
			name = Crypto;
			productName = Crypto;
			productReference = BED1DC9227AE208E006BCE84 /* Crypto Tracker.app */;
			productType = "com.apple.product-type.application";
		};
/* End PBXNativeTarget section */

/* Begin PBXProject section */
		BED1DC8A27AE208E006BCE84 /* Project object */ = {
			isa = PBXProject;
			attributes = {
				BuildIndependentTargetsInParallel = 1;
				LastSwiftUpdateCheck = 1320;
				LastUpgradeCheck = 1320;
				TargetAttributes = {
					BED1DC9127AE208E006BCE84 = {
						CreatedOnToolsVersion = 13.2.1;
					};
				};
			};
			buildConfigurationList = BED1DC8D27AE208E006BCE84 /* Build configuration list for PBXProject "Crypto" */;
			compatibilityVersion = "Xcode 13.0";
			developmentRegion = en;
			hasScannedForEncodings = 0;
			knownRegions = (
				en,
				Base,
			);
			mainGroup = BED1DC8927AE208E006BCE84;
			productRefGroup = BED1DC9327AE208E006BCE84 /* Products */;
			projectDirPath = "";
			projectRoot = "";
			targets = (
				BED1DC9127AE208E006BCE84 /* Crypto */,
			);
		};
/* End PBXProject section */

/* Begin PBXResourcesBuildPhase section */
		BED1DC9027AE208E006BCE84 /* Resources */ = {
			isa = PBXResourcesBuildPhase;
			buildActionMask = 2147483647;
			files = (
				BED1DC9D27AE208F006BCE84 /* Preview Assets.xcassets in Resources */,
				BED1DC9A27AE208F006BCE84 /* Assets.xcassets in Resources */,
			);
			runOnlyForDeploymentPostprocessing = 0;
		};
/* End PBXResourcesBuildPhase section */

/* Begin PBXSourcesBuildPhase section */
		BED1DC8E27AE208E006BCE84 /* Sources */ = {
			isa = PBXSourcesBuildPhase;
			buildActionMask = 2147483647;
			files = (
				BED1DCC127AE68CE006BCE84 /* CoinDataService.swift in Sources */,
				BED1DCB827AE5074006BCE84 /* CoinRowView.swift in Sources */,
				BED1DCBE27AE6199006BCE84 /* HomeViewModel.swift in Sources */,
				BED1DCB127AE26C6006BCE84 /* CircleButton.swift in Sources */,
				BED1DCCD27AEB705006BCE84 /* LocalFileManager.swift in Sources */,
				BED1DC9827AE208E006BCE84 /* ContentView.swift in Sources */,
				BED1DCC727AEABBA006BCE84 /* CoinImageView.swift in Sources */,
				BED1DCAD27AE25C3006BCE84 /* HomeView.swift in Sources */,
				BE2F48A027AED22700425509 /* UIApplication.swift in Sources */,
				BED1DC9627AE208E006BCE84 /* CryptoApp.swift in Sources */,
				BED1DCA727AE23EA006BCE84 /* Color.swift in Sources */,
				BED1DCCF27AECAD7006BCE84 /* SearchBarView.swift in Sources */,
				BED1DCC427AE7A21006BCE84 /* NetworkingManager.swift in Sources */,
				BED1DCB327AE2A9F006BCE84 /* CircleButtonAnimationView.swift in Sources */,
				BED1DCCB27AEAF6E006BCE84 /* CoinImageViewModel.swift in Sources */,
				BED1DCBA27AE50B8006BCE84 /* PreviewProvider.swift in Sources */,
				BED1DCBC27AE56C9006BCE84 /* Double.swift in Sources */,
				BED1DCC927AEAD97006BCE84 /* CoinImageService.swift in Sources */,
				BED1DCB627AE2DB4006BCE84 /* CoinModel.swift in Sources */,
			);
			runOnlyForDeploymentPostprocessing = 0;
		};
/* End PBXSourcesBuildPhase section */

/* Begin XCBuildConfiguration section */
		BED1DC9E27AE208F006BCE84 /* Debug */ = {
			isa = XCBuildConfiguration;
			buildSettings = {
				ALWAYS_SEARCH_USER_PATHS = NO;
				CLANG_ANALYZER_NONNULL = YES;
				CLANG_ANALYZER_NUMBER_OBJECT_CONVERSION = YES_AGGRESSIVE;
				CLANG_CXX_LANGUAGE_STANDARD = "gnu++17";
				CLANG_CXX_LIBRARY = "libc++";
				CLANG_ENABLE_MODULES = YES;
				CLANG_ENABLE_OBJC_ARC = YES;
				CLANG_ENABLE_OBJC_WEAK = YES;
				CLANG_WARN_BLOCK_CAPTURE_AUTORELEASING = YES;
				CLANG_WARN_BOOL_CONVERSION = YES;
				CLANG_WARN_COMMA = YES;
				CLANG_WARN_CONSTANT_CONVERSION = YES;
				CLANG_WARN_DEPRECATED_OBJC_IMPLEMENTATIONS = YES;
				CLANG_WARN_DIRECT_OBJC_ISA_USAGE = YES_ERROR;
				CLANG_WARN_DOCUMENTATION_COMMENTS = YES;
				CLANG_WARN_EMPTY_BODY = YES;
				CLANG_WARN_ENUM_CONVERSION = YES;
				CLANG_WARN_INFINITE_RECURSION = YES;
				CLANG_WARN_INT_CONVERSION = YES;
				CLANG_WARN_NON_LITERAL_NULL_CONVERSION = YES;
				CLANG_WARN_OBJC_IMPLICIT_RETAIN_SELF = YES;
				CLANG_WARN_OBJC_LITERAL_CONVERSION = YES;
				CLANG_WARN_OBJC_ROOT_CLASS = YES_ERROR;
				CLANG_WARN_QUOTED_INCLUDE_IN_FRAMEWORK_HEADER = YES;
				CLANG_WARN_RANGE_LOOP_ANALYSIS = YES;
				CLANG_WARN_STRICT_PROTOTYPES = YES;
				CLANG_WARN_SUSPICIOUS_MOVE = YES;
				CLANG_WARN_UNGUARDED_AVAILABILITY = YES_AGGRESSIVE;
				CLANG_WARN_UNREACHABLE_CODE = YES;
				CLANG_WARN__DUPLICATE_METHOD_MATCH = YES;
				COPY_PHASE_STRIP = NO;
				DEBUG_INFORMATION_FORMAT = dwarf;
				ENABLE_STRICT_OBJC_MSGSEND = YES;
				ENABLE_TESTABILITY = YES;
				GCC_C_LANGUAGE_STANDARD = gnu11;
				GCC_DYNAMIC_NO_PIC = NO;
				GCC_NO_COMMON_BLOCKS = YES;
				GCC_OPTIMIZATION_LEVEL = 0;
				GCC_PREPROCESSOR_DEFINITIONS = (
					"DEBUG=1",
					"$(inherited)",
				);
				GCC_WARN_64_TO_32_BIT_CONVERSION = YES;
				GCC_WARN_ABOUT_RETURN_TYPE = YES_ERROR;
				GCC_WARN_UNDECLARED_SELECTOR = YES;
				GCC_WARN_UNINITIALIZED_AUTOS = YES_AGGRESSIVE;
				GCC_WARN_UNUSED_FUNCTION = YES;
				GCC_WARN_UNUSED_VARIABLE = YES;
				IPHONEOS_DEPLOYMENT_TARGET = 15.2;
				MTL_ENABLE_DEBUG_INFO = INCLUDE_SOURCE;
				MTL_FAST_MATH = YES;
				ONLY_ACTIVE_ARCH = YES;
				SDKROOT = iphoneos;
				SWIFT_ACTIVE_COMPILATION_CONDITIONS = DEBUG;
				SWIFT_OPTIMIZATION_LEVEL = "-Onone";
			};
			name = Debug;
		};
		BED1DC9F27AE208F006BCE84 /* Release */ = {
			isa = XCBuildConfiguration;
			buildSettings = {
				ALWAYS_SEARCH_USER_PATHS = NO;
				CLANG_ANALYZER_NONNULL = YES;
				CLANG_ANALYZER_NUMBER_OBJECT_CONVERSION = YES_AGGRESSIVE;
				CLANG_CXX_LANGUAGE_STANDARD = "gnu++17";
				CLANG_CXX_LIBRARY = "libc++";
				CLANG_ENABLE_MODULES = YES;
				CLANG_ENABLE_OBJC_ARC = YES;
				CLANG_ENABLE_OBJC_WEAK = YES;
				CLANG_WARN_BLOCK_CAPTURE_AUTORELEASING = YES;
				CLANG_WARN_BOOL_CONVERSION = YES;
				CLANG_WARN_COMMA = YES;
				CLANG_WARN_CONSTANT_CONVERSION = YES;
				CLANG_WARN_DEPRECATED_OBJC_IMPLEMENTATIONS = YES;
				CLANG_WARN_DIRECT_OBJC_ISA_USAGE = YES_ERROR;
				CLANG_WARN_DOCUMENTATION_COMMENTS = YES;
				CLANG_WARN_EMPTY_BODY = YES;
				CLANG_WARN_ENUM_CONVERSION = YES;
				CLANG_WARN_INFINITE_RECURSION = YES;
				CLANG_WARN_INT_CONVERSION = YES;
				CLANG_WARN_NON_LITERAL_NULL_CONVERSION = YES;
				CLANG_WARN_OBJC_IMPLICIT_RETAIN_SELF = YES;
				CLANG_WARN_OBJC_LITERAL_CONVERSION = YES;
				CLANG_WARN_OBJC_ROOT_CLASS = YES_ERROR;
				CLANG_WARN_QUOTED_INCLUDE_IN_FRAMEWORK_HEADER = YES;
				CLANG_WARN_RANGE_LOOP_ANALYSIS = YES;
				CLANG_WARN_STRICT_PROTOTYPES = YES;
				CLANG_WARN_SUSPICIOUS_MOVE = YES;
				CLANG_WARN_UNGUARDED_AVAILABILITY = YES_AGGRESSIVE;
				CLANG_WARN_UNREACHABLE_CODE = YES;
				CLANG_WARN__DUPLICATE_METHOD_MATCH = YES;
				COPY_PHASE_STRIP = NO;
				DEBUG_INFORMATION_FORMAT = "dwarf-with-dsym";
				ENABLE_NS_ASSERTIONS = NO;
				ENABLE_STRICT_OBJC_MSGSEND = YES;
				GCC_C_LANGUAGE_STANDARD = gnu11;
				GCC_NO_COMMON_BLOCKS = YES;
				GCC_WARN_64_TO_32_BIT_CONVERSION = YES;
				GCC_WARN_ABOUT_RETURN_TYPE = YES_ERROR;
				GCC_WARN_UNDECLARED_SELECTOR = YES;
				GCC_WARN_UNINITIALIZED_AUTOS = YES_AGGRESSIVE;
				GCC_WARN_UNUSED_FUNCTION = YES;
				GCC_WARN_UNUSED_VARIABLE = YES;
				IPHONEOS_DEPLOYMENT_TARGET = 15.2;
				MTL_ENABLE_DEBUG_INFO = NO;
				MTL_FAST_MATH = YES;
				SDKROOT = iphoneos;
				SWIFT_COMPILATION_MODE = wholemodule;
				SWIFT_OPTIMIZATION_LEVEL = "-O";
				VALIDATE_PRODUCT = YES;
			};
			name = Release;
		};
		BED1DCA127AE208F006BCE84 /* Debug */ = {
			isa = XCBuildConfiguration;
			buildSettings = {
				ASSETCATALOG_COMPILER_APPICON_NAME = AppIcon;
				ASSETCATALOG_COMPILER_GLOBAL_ACCENT_COLOR_NAME = AccentColor;
				CODE_SIGN_STYLE = Automatic;
				CURRENT_PROJECT_VERSION = 1;
				DEVELOPMENT_ASSET_PATHS = "\"Crypto/Preview Content\"";
				ENABLE_PREVIEWS = YES;
				GENERATE_INFOPLIST_FILE = YES;
				INFOPLIST_KEY_UIApplicationSceneManifest_Generation = YES;
				INFOPLIST_KEY_UIApplicationSupportsIndirectInputEvents = YES;
				INFOPLIST_KEY_UILaunchScreen_Generation = YES;
				INFOPLIST_KEY_UISupportedInterfaceOrientations = UIInterfaceOrientationPortrait;
				INFOPLIST_KEY_UISupportedInterfaceOrientations_iPad = "UIInterfaceOrientationPortrait UIInterfaceOrientationPortraitUpsideDown UIInterfaceOrientationLandscapeLeft UIInterfaceOrientationLandscapeRight";
				INFOPLIST_KEY_UISupportedInterfaceOrientations_iPhone = "UIInterfaceOrientationPortrait UIInterfaceOrientationLandscapeLeft UIInterfaceOrientationLandscapeRight";
				LD_RUNPATH_SEARCH_PATHS = (
					"$(inherited)",
					"@executable_path/Frameworks",
				);
				MARKETING_VERSION = 1.0;
				PRODUCT_BUNDLE_IDENTIFIER = com.shehan.Crypto;
				PRODUCT_NAME = "Crypto Tracker";
				SWIFT_EMIT_LOC_STRINGS = YES;
				SWIFT_VERSION = 5.0;
				TARGETED_DEVICE_FAMILY = "1,2";
			};
			name = Debug;
		};
		BED1DCA227AE208F006BCE84 /* Release */ = {
			isa = XCBuildConfiguration;
			buildSettings = {
				ASSETCATALOG_COMPILER_APPICON_NAME = AppIcon;
				ASSETCATALOG_COMPILER_GLOBAL_ACCENT_COLOR_NAME = AccentColor;
				CODE_SIGN_STYLE = Automatic;
				CURRENT_PROJECT_VERSION = 1;
				DEVELOPMENT_ASSET_PATHS = "\"Crypto/Preview Content\"";
				ENABLE_PREVIEWS = YES;
				GENERATE_INFOPLIST_FILE = YES;
				INFOPLIST_KEY_UIApplicationSceneManifest_Generation = YES;
				INFOPLIST_KEY_UIApplicationSupportsIndirectInputEvents = YES;
				INFOPLIST_KEY_UILaunchScreen_Generation = YES;
				INFOPLIST_KEY_UISupportedInterfaceOrientations = UIInterfaceOrientationPortrait;
				INFOPLIST_KEY_UISupportedInterfaceOrientations_iPad = "UIInterfaceOrientationPortrait UIInterfaceOrientationPortraitUpsideDown UIInterfaceOrientationLandscapeLeft UIInterfaceOrientationLandscapeRight";
				INFOPLIST_KEY_UISupportedInterfaceOrientations_iPhone = "UIInterfaceOrientationPortrait UIInterfaceOrientationLandscapeLeft UIInterfaceOrientationLandscapeRight";
				LD_RUNPATH_SEARCH_PATHS = (
					"$(inherited)",
					"@executable_path/Frameworks",
				);
				MARKETING_VERSION = 1.0;
				PRODUCT_BUNDLE_IDENTIFIER = com.shehan.Crypto;
				PRODUCT_NAME = "Crypto Tracker";
				SWIFT_EMIT_LOC_STRINGS = YES;
				SWIFT_VERSION = 5.0;
				TARGETED_DEVICE_FAMILY = "1,2";
			};
			name = Release;
		};
/* End XCBuildConfiguration section */

/* Begin XCConfigurationList section */
		BED1DC8D27AE208E006BCE84 /* Build configuration list for PBXProject "Crypto" */ = {
			isa = XCConfigurationList;
			buildConfigurations = (
				BED1DC9E27AE208F006BCE84 /* Debug */,
				BED1DC9F27AE208F006BCE84 /* Release */,
			);
			defaultConfigurationIsVisible = 0;
			defaultConfigurationName = Release;
		};
		BED1DCA027AE208F006BCE84 /* Build configuration list for PBXNativeTarget "Crypto" */ = {
			isa = XCConfigurationList;
			buildConfigurations = (
				BED1DCA127AE208F006BCE84 /* Debug */,
				BED1DCA227AE208F006BCE84 /* Release */,
			);
			defaultConfigurationIsVisible = 0;
			defaultConfigurationName = Release;
		};
/* End XCConfigurationList section */
	};
	rootObject = BED1DC8A27AE208E006BCE84 /* Project object */;
}
